<?xml version="1.0" encoding="utf-8"?>
<Project ToolsVersion="4.0" xmlns="http://schemas.microsoft.com/developer/msbuild/2003">
  <ItemGroup>
    <Filter Include="Languages">
      <UniqueIdentifier>{89a625b0-f51a-450f-b16f-c2724f0b99a1}</UniqueIdentifier>
    </Filter>
    <Filter Include="Development">
      <UniqueIdentifier>{97902568-2e3d-4035-9b93-2b2d577eb5cf}</UniqueIdentifier>
    </Filter>
    <Filter Include="Languages\Examples">
      <UniqueIdentifier>{3e4f8266-357f-4995-8d03-b919c2002ce5}</UniqueIdentifier>
    </Filter>
    <Filter Include="Interviews">
      <UniqueIdentifier>{57434b47-a307-48e5-9edc-fa3b5886eb1d}</UniqueIdentifier>
    </Filter>
  </ItemGroup>
  <ItemGroup>
    <ClCompile Include="Languages\C++CLI.cpp">
      <Filter>Languages</Filter>
    </ClCompile>
    <ClCompile Include="Languages\Maxscript forms.cpp">
      <Filter>Languages</Filter>
    </ClCompile>
    <ClCompile Include="Languages\Maxscript objects.cpp">
      <Filter>Languages</Filter>
    </ClCompile>
    <ClCompile Include="Languages\Maxscript.cpp">
      <Filter>Languages</Filter>
    </ClCompile>
    <ClCompile Include="Languages\Maya API.cpp">
      <Filter>Languages</Filter>
    </ClCompile>
    <ClCompile Include="Languages\MEL algorithms.cpp">
      <Filter>Languages</Filter>
    </ClCompile>
    <ClCompile Include="Languages\MEL forms.cpp">
      <Filter>Languages</Filter>
    </ClCompile>
    <ClCompile Include="Languages\MEL.cpp">
      <Filter>Languages</Filter>
    </ClCompile>
    <ClCompile Include="Languages\Python containers.cpp">
      <Filter>Languages</Filter>
    </ClCompile>
    <ClCompile Include="Languages\Python for Maya.cpp">
      <Filter>Languages</Filter>
    </ClCompile>
    <ClCompile Include="Languages\Python modules.cpp">
      <Filter>Languages</Filter>
    </ClCompile>
    <ClCompile Include="Languages\Python.cpp">
      <Filter>Languages</Filter>
    </ClCompile>
    <ClCompile Include="Development\Design Patterns.cpp">
      <Filter>Development</Filter>
    </ClCompile>
    <ClCompile Include="Development\Shaders.cpp">
      <Filter>Development</Filter>
    </ClCompile>
    <ClCompile Include="Development\Web Development.cpp">
      <Filter>Development</Filter>
    </ClCompile>
    <ClCompile Include="Development\Concurrency.cpp">
      <Filter>Development</Filter>
    </ClCompile>
    <ClCompile Include="Languages\Examples\Example - Maya API Command.cpp">
      <Filter>Languages\Examples</Filter>
    </ClCompile>
    <ClCompile Include="Languages\Examples\Example - Maya API Locator.cpp">
      <Filter>Languages\Examples</Filter>
    </ClCompile>
    <ClCompile Include="Languages\Examples\Example - Maya API Node.cpp">
      <Filter>Languages\Examples</Filter>
    </ClCompile>
    <ClCompile Include="Languages\C++ Boost.cpp">
      <Filter>Languages</Filter>
    </ClCompile>
    <ClCompile Include="Languages\C++ Class.cpp">
      <Filter>Languages</Filter>
    </ClCompile>
    <ClCompile Include="Languages\C++ Code.cpp">
      <Filter>Languages</Filter>
    </ClCompile>
    <ClCompile Include="Languages\C++ Memory.cpp">
      <Filter>Languages</Filter>
    </ClCompile>
    <ClCompile Include="Languages\C++ STL Containers.cpp">
      <Filter>Languages</Filter>
    </ClCompile>
    <ClCompile Include="Languages\C++ STL.cpp">
      <Filter>Languages</Filter>
    </ClCompile>
    <ClCompile Include="Languages\C++ Templates.cpp">
      <Filter>Languages</Filter>
    </ClCompile>
    <ClCompile Include="Languages\Qt.cpp">
      <Filter>Languages</Filter>
    </ClCompile>
    <ClCompile Include="Languages\Javascript.cpp">
      <Filter>Languages</Filter>
    </ClCompile>
    <ClCompile Include="Languages\C++ STL Algorithms.cpp">
      <Filter>Languages</Filter>
    </ClCompile>
    <ClCompile Include="Languages\C++ Error Handling.cpp">
      <Filter>Languages</Filter>
    </ClCompile>
    <ClCompile Include="Languages\C++ Render Engines.cpp">
      <Filter>Languages</Filter>
    </ClCompile>
  </ItemGroup>
  <ItemGroup>
    <None Include="..\.gitignore" />
    <None Include="Languages\C# .NET Framework.cs">
      <Filter>Languages</Filter>
    </None>
    <None Include="Languages\C# Class.cs">
      <Filter>Languages</Filter>
    </None>
    <None Include="Languages\C# Code.cs">
      <Filter>Languages</Filter>
    </None>
    <None Include="Languages\C# Containers.cs">
      <Filter>Languages</Filter>
    </None>
    <None Include="Languages\C# Unity.cs">
      <Filter>Languages</Filter>
    </None>
    <None Include="Development\Databases.sql">
      <Filter>Development</Filter>
    </None>
    <None Include="Languages\Examples\Example - Maxscript Convex Hull.ms">
      <Filter>Languages\Examples</Filter>
    </None>
    <None Include="Languages\Examples\Example - PyQt Creating Window in Designer.py">
      <Filter>Languages\Examples</Filter>
    </None>
    <None Include="Languages\Examples\Example - PyQt Creating Window In Maya.py">
      <Filter>Languages\Examples</Filter>
    </None>
    <None Include="Languages\Examples\Example - PyQt File Reader.pyw">
      <Filter>Languages\Examples</Filter>
    </None>
    <None Include="Interviews\Math Questions.odt">
      <Filter>Interviews</Filter>
    </None>
  </ItemGroup>
  <ItemGroup>
    <Text Include="Languages\C# Notes.txt">
      <Filter>Languages</Filter>
    </Text>
    <Text Include="Development\Collisions.txt">
      <Filter>Development</Filter>
    </Text>
    <Text Include="Development\Maths.txt">
      <Filter>Development</Filter>
    </Text>
    <Text Include="Development\Mental Ray.txt">
      <Filter>Development</Filter>
    </Text>
    <Text Include="Development\Physics.txt">
      <Filter>Development</Filter>
    </Text>
    <Text Include="Development\Programming Notes.txt">
      <Filter>Development</Filter>
    </Text>
    <Text Include="Development\Rendering.txt">
      <Filter>Development</Filter>
    </Text>
    <Text Include="Development\Software Development.txt">
      <Filter>Development</Filter>
    </Text>
    <Text Include="Hotkeys.txt" />
    <Text Include="Development\Algorithms Notes.txt">
      <Filter>Development</Filter>
    </Text>
    <Text Include="Development\Algorithms.cpp">
      <Filter>Development</Filter>
    </Text>
    <Text Include="Languages\C++ Notes.txt">
      <Filter>Languages</Filter>
    </Text>
    <Text Include="Interviews\Cheatsheet.txt">
      <Filter>Interviews</Filter>
    </Text>
    <Text Include="Interviews\Interview Questions.txt">
      <Filter>Interviews</Filter>
    </Text>
    <Text Include="Development\Optimization.txt">
      <Filter>Development</Filter>
    </Text>
  </ItemGroup>
</Project>