<?xml version="1.0" encoding="utf-8"?>
<Project ToolsVersion="4.0" xmlns="http://schemas.microsoft.com/developer/msbuild/2003">
  <ItemGroup>
    <Filter Include="Source Files">
      <UniqueIdentifier>{4FC737F1-C7A5-4376-A066-2A32D752A2FF}</UniqueIdentifier>
      <Extensions>cpp;c;cc;cxx;def;odl;idl;hpj;bat;asm;asmx</Extensions>
    </Filter>
    <Filter Include="Game Programming">
      <UniqueIdentifier>{56332ae5-5b17-4582-8cae-a2112a12f7df}</UniqueIdentifier>
    </Filter>
    <Filter Include="Languages">
      <UniqueIdentifier>{89a625b0-f51a-450f-b16f-c2724f0b99a1}</UniqueIdentifier>
    </Filter>
    <Filter Include="Development">
      <UniqueIdentifier>{97902568-2e3d-4035-9b93-2b2d577eb5cf}</UniqueIdentifier>
    </Filter>
    <Filter Include="Images">
      <UniqueIdentifier>{d5246f57-2735-4357-a353-33eb12eb8d89}</UniqueIdentifier>
    </Filter>
    <Filter Include="Languages\Examples">
      <UniqueIdentifier>{d7791879-ac81-42b7-8093-357ed87496f9}</UniqueIdentifier>
    </Filter>
    <Filter Include="Development\Classes">
      <UniqueIdentifier>{e36ef539-6dea-4f46-8d29-475cf275745e}</UniqueIdentifier>
    </Filter>
  </ItemGroup>
  <ItemGroup>
    <ClCompile Include="Game Programming\Collisions.cpp">
      <Filter>Game Programming</Filter>
    </ClCompile>
    <ClCompile Include="Game Programming\Maths.cpp">
      <Filter>Game Programming</Filter>
    </ClCompile>
    <ClCompile Include="Game Programming\Physics.cpp">
      <Filter>Game Programming</Filter>
    </ClCompile>
    <ClCompile Include="Languages\Maxscript forms.cpp">
      <Filter>Languages</Filter>
    </ClCompile>
    <ClCompile Include="Languages\Maxscript objects.cpp">
      <Filter>Languages</Filter>
    </ClCompile>
    <ClCompile Include="Languages\Maxscript.cpp">
      <Filter>Languages</Filter>
    </ClCompile>
    <ClCompile Include="Languages\Maya API.cpp">
      <Filter>Languages</Filter>
    </ClCompile>
    <ClCompile Include="Languages\MEL algorithms.cpp">
      <Filter>Languages</Filter>
    </ClCompile>
    <ClCompile Include="Languages\MEL forms.cpp">
      <Filter>Languages</Filter>
    </ClCompile>
    <ClCompile Include="Languages\MEL objects.cpp">
      <Filter>Languages</Filter>
    </ClCompile>
    <ClCompile Include="Languages\MEL.cpp">
      <Filter>Languages</Filter>
    </ClCompile>
    <ClCompile Include="Languages\Python containers.cpp">
      <Filter>Languages</Filter>
    </ClCompile>
    <ClCompile Include="Languages\Python for Maya.cpp">
      <Filter>Languages</Filter>
    </ClCompile>
    <ClCompile Include="Languages\Python modules.cpp">
      <Filter>Languages</Filter>
    </ClCompile>
    <ClCompile Include="Algorithms.cpp">
      <Filter>Source Files</Filter>
    </ClCompile>
    <ClCompile Include="Boost.cpp">
      <Filter>Source Files</Filter>
    </ClCompile>
    <ClCompile Include="Class.cpp">
      <Filter>Source Files</Filter>
    </ClCompile>
    <ClCompile Include="Code Notes.cpp">
      <Filter>Source Files</Filter>
    </ClCompile>
    <ClCompile Include="Code.cpp">
      <Filter>Source Files</Filter>
    </ClCompile>
    <ClCompile Include="Memory.cpp">
      <Filter>Source Files</Filter>
    </ClCompile>
    <ClCompile Include="STL Containers.cpp">
      <Filter>Source Files</Filter>
    </ClCompile>
    <ClCompile Include="STL Notes.cpp">
      <Filter>Source Files</Filter>
    </ClCompile>
    <ClCompile Include="STL.cpp">
      <Filter>Source Files</Filter>
    </ClCompile>
    <ClCompile Include="Templates.cpp">
      <Filter>Source Files</Filter>
    </ClCompile>
    <ClCompile Include="Game Programming\Simulation.cpp">
      <Filter>Game Programming</Filter>
    </ClCompile>
    <ClCompile Include="Development\Algorithms and Structures.cpp">
      <Filter>Development</Filter>
    </ClCompile>
    <ClCompile Include="Development\Programming Notes.cpp">
      <Filter>Development</Filter>
    </ClCompile>
    <ClCompile Include="Development\Software Development.cpp">
      <Filter>Development</Filter>
    </ClCompile>
    <ClCompile Include="Game Programming\Lighting.cpp">
      <Filter>Game Programming</Filter>
    </ClCompile>
    <ClCompile Include="Game Programming\Mental Ray.cpp">
      <Filter>Game Programming</Filter>
    </ClCompile>
    <ClCompile Include="Game Programming\Rendering.cpp">
      <Filter>Game Programming</Filter>
    </ClCompile>
    <ClCompile Include="Code Examples\Classes\assimpmesh.cpp">
      <Filter>Development\Classes</Filter>
    </ClCompile>
    <ClCompile Include="Code Examples\Classes\camera.cpp">
      <Filter>Development\Classes</Filter>
    </ClCompile>
    <ClCompile Include="Code Examples\Classes\input.cpp">
      <Filter>Development\Classes</Filter>
    </ClCompile>
    <ClCompile Include="Code Examples\Classes\logger.cpp">
      <Filter>Development\Classes</Filter>
    </ClCompile>
    <ClCompile Include="Code Examples\Classes\timer.cpp">
      <Filter>Development\Classes</Filter>
    </ClCompile>
    <ClCompile Include="Code Examples\Example - MEL Special Shatter.cpp">
      <Filter>Languages\Examples</Filter>
    </ClCompile>
    <ClCompile Include="Code Examples\Example - Maya API Command.cpp">
      <Filter>Languages\Examples</Filter>
    </ClCompile>
    <ClCompile Include="Code Examples\Example - Maya API Locator.cpp">
      <Filter>Languages\Examples</Filter>
    </ClCompile>
    <ClCompile Include="Code Examples\Example - Maya API Node.cpp">
      <Filter>Languages\Examples</Filter>
    </ClCompile>
    <ClCompile Include="C# Notes.cpp">
      <Filter>Languages</Filter>
    </ClCompile>
    <ClCompile Include="C++CLI.cpp">
      <Filter>Languages</Filter>
    </ClCompile>
    <ClCompile Include="Game Programming\Texture.cpp">
      <Filter>Game Programming</Filter>
    </ClCompile>
    <ClCompile Include="Languages\Python.cpp">
      <Filter>Languages</Filter>
    </ClCompile>
    <ClCompile Include="Development\Design Patterns.cpp">
      <Filter>Development</Filter>
    </ClCompile>
    <ClCompile Include="Development\Databases.sql">
      <Filter>Development</Filter>
    </ClCompile>
    <ClCompile Include="Development\Web Development.cpp">
      <Filter>Development</Filter>
    </ClCompile>
    <ClCompile Include="Game Programming\Shaders.cpp">
      <Filter>Game Programming</Filter>
    </ClCompile>
    <ClCompile Include="Game Programming\RenderEngines.cpp">
      <Filter>Game Programming</Filter>
    </ClCompile>
  </ItemGroup>
  <ItemGroup>
    <None Include="Cheatsheet.txt" />
    <None Include="Hotkeys.txt" />
    <None Include="..\.gitignore" />
    <None Include="Code Examples\Example - Maxscript Convex Hull.ms">
      <Filter>Languages\Examples</Filter>
    </None>
    <None Include="Code Examples\Example - PyQt Creating Window in Designer.py">
      <Filter>Languages\Examples</Filter>
    </None>
    <None Include="Code Examples\Example - PyQt Creating Window In Maya.py">
      <Filter>Languages\Examples</Filter>
    </None>
    <None Include="Code Examples\Example - PyQt File Reader.pyw">
      <Filter>Languages\Examples</Filter>
    </None>
    <None Include="C# .NET Framework.cs">
      <Filter>Languages</Filter>
    </None>
    <None Include="C# Class.cs">
      <Filter>Languages</Filter>
    </None>
    <None Include="C# Code.cs">
      <Filter>Languages</Filter>
    </None>
    <None Include="C# Containers.cs">
      <Filter>Languages</Filter>
    </None>
  </ItemGroup>
  <ItemGroup>
    <ClInclude Include="Code Examples\Classes\assimpmesh.h">
      <Filter>Development\Classes</Filter>
    </ClInclude>
    <ClInclude Include="Code Examples\Classes\camera.h">
      <Filter>Development\Classes</Filter>
    </ClInclude>
    <ClInclude Include="Code Examples\Classes\color.h">
      <Filter>Development\Classes</Filter>
    </ClInclude>
    <ClInclude Include="Code Examples\Classes\dynamicarray.h">
      <Filter>Development\Classes</Filter>
    </ClInclude>
    <ClInclude Include="Code Examples\Classes\input.h">
      <Filter>Development\Classes</Filter>
    </ClInclude>
    <ClInclude Include="Code Examples\Classes\logger.h">
      <Filter>Development\Classes</Filter>
    </ClInclude>
    <ClInclude Include="Code Examples\Classes\matrix.h">
      <Filter>Development\Classes</Filter>
    </ClInclude>
    <ClInclude Include="Code Examples\Classes\timer.h">
      <Filter>Development\Classes</Filter>
    </ClInclude>
    <ClInclude Include="Code Examples\Classes\vector3.h">
      <Filter>Development\Classes</Filter>
    </ClInclude>
  </ItemGroup>
  <ItemGroup>
    <Image Include="Images\Graphics - Backface Culling.png">
      <Filter>Images</Filter>
    </Image>
    <Image Include="Images\Graphics - Bottleneck chart.png">
      <Filter>Images</Filter>
    </Image>
    <Image Include="Images\Graphics - Deferred Rendering (with transparency).jpg">
      <Filter>Images</Filter>
    </Image>
    <Image Include="Images\Graphics - Deferred Rendering.jpg">
      <Filter>Images</Filter>
    </Image>
    <Image Include="Images\Graphics - Depth Buffer Testing.png">
      <Filter>Images</Filter>
    </Image>
    <Image Include="Images\Graphics - DirectX Surfaces.png">
      <Filter>Images</Filter>
    </Image>
    <Image Include="Images\Graphics - DOF theory and 3 Point Lighting.png">
      <Filter>Images</Filter>
    </Image>
    <Image Include="Images\Graphics - Final Gathering.png">
      <Filter>Images</Filter>
    </Image>
    <Image Include="Images\Graphics - Global Illumination.png">
      <Filter>Images</Filter>
    </Image>
    <Image Include="Images\Graphics - Importons.png">
      <Filter>Images</Filter>
    </Image>
    <Image Include="Images\Graphics - Incremental Convex Hull Algorithm.png">
      <Filter>Images</Filter>
    </Image>
    <Image Include="Images\Graphics - Irradiance Particles.png">
      <Filter>Images</Filter>
    </Image>
    <Image Include="Images\Graphics - Occulsion Culling.png">
      <Filter>Images</Filter>
    </Image>
    <Image Include="Images\Graphics - Portals.png">
      <Filter>Images</Filter>
    </Image>
    <Image Include="Images\Graphics - Primitives.jpg">
      <Filter>Images</Filter>
    </Image>
    <Image Include="Images\Graphics - Projection Matrix.PNG">
      <Filter>Images</Filter>
    </Image>
    <Image Include="Images\Graphics - Projection Matrix2.PNG">
      <Filter>Images</Filter>
    </Image>
    <Image Include="Images\Graphics - RayTracing.png">
      <Filter>Images</Filter>
    </Image>
    <Image Include="Images\Graphics - Rendering Pipeline Diagram.png">
      <Filter>Images</Filter>
    </Image>
    <Image Include="Images\Graphics - Rendering Pipeline.png">
      <Filter>Images</Filter>
    </Image>
    <Image Include="Images\Graphics - Shadow Volume Stencil Testing.png">
      <Filter>Images</Filter>
    </Image>
    <Image Include="Images\Graphics - Skybox.bmp">
      <Filter>Images</Filter>
    </Image>
    <Image Include="Images\Graphics - Subsurface Scattering.png">
      <Filter>Images</Filter>
    </Image>
    <Image Include="Images\Graphics - Terrain Clipmapping.png">
      <Filter>Images</Filter>
    </Image>
    <Image Include="Images\Graphics - View Frustum.gif">
      <Filter>Images</Filter>
    </Image>
    <Image Include="Images\Graphics - View Frustum.png">
      <Filter>Images</Filter>
    </Image>
    <Image Include="Images\MathsPhysics - Barycentric coordinates.png">
      <Filter>Images</Filter>
    </Image>
    <Image Include="Images\MathsPhysics - Changing frame of reference.png">
      <Filter>Images</Filter>
    </Image>
    <Image Include="Images\MathsPhysics - Collision Box Algorithms.png">
      <Filter>Images</Filter>
    </Image>
    <Image Include="Images\MathsPhysics - Collision Sphere Algorithms.png">
      <Filter>Images</Filter>
    </Image>
    <Image Include="Images\MathsPhysics - constraints.png">
      <Filter>Images</Filter>
    </Image>
    <Image Include="Images\MathsPhysics - GJK Collision Detection.png">
      <Filter>Images</Filter>
    </Image>
    <Image Include="Images\MathsPhysics - Integration.png">
      <Filter>Images</Filter>
    </Image>
    <Image Include="Images\MathsPhysics - kinematics.png">
      <Filter>Images</Filter>
    </Image>
    <Image Include="Images\MathsPhysics - plane equation.png">
      <Filter>Images</Filter>
    </Image>
    <Image Include="Images\MathsPhysics - polar coordinates.png">
      <Filter>Images</Filter>
    </Image>
    <Image Include="Images\MathsPhysics - Rotation around arbitrary axis.png">
      <Filter>Images</Filter>
    </Image>
    <Image Include="Images\MathsPhysics - Trigonometry.png">
      <Filter>Images</Filter>
    </Image>
    <Image Include="Images\Shader - Bump Mapping Normals.png">
      <Filter>Images</Filter>
    </Image>
    <Image Include="Images\Shader - Colors.png">
      <Filter>Images</Filter>
    </Image>
    <Image Include="Images\Shader - Inverse Square Attenuation.png">
      <Filter>Images</Filter>
    </Image>
    <Image Include="Images\Shader - Lighting Models Diagram.jpg">
      <Filter>Images</Filter>
    </Image>
    <Image Include="Images\Shader - Material Effects.png">
      <Filter>Images</Filter>
    </Image>
    <Image Include="Images\Shader - Material Types.png">
      <Filter>Images</Filter>
    </Image>
    <Image Include="Images\Shader - PerVertex and PerPixel lighting.png">
      <Filter>Images</Filter>
    </Image>
    <Image Include="Images\Shader - Specular Models.png">
      <Filter>Images</Filter>
    </Image>
    <Image Include="Images\Shader - Spot Light.png">
      <Filter>Images</Filter>
    </Image>
    <Image Include="Images\Shader - Texture Filter types.png">
      <Filter>Images</Filter>
    </Image>
    <Image Include="Images\Shader - Texture Mapping.png">
      <Filter>Images</Filter>
    </Image>
    <Image Include="Images\Shader - Texture Wrapping.png">
      <Filter>Images</Filter>
    </Image>
    <Image Include="Images\Code - Agile Lifecycle.png">
      <Filter>Images</Filter>
    </Image>
    <Image Include="Images\Code - Algorithms Search.png">
      <Filter>Images</Filter>
    </Image>
    <Image Include="Images\Code - Algorithms Sort Performance.png">
      <Filter>Images</Filter>
    </Image>
    <Image Include="Images\Code - Algorithms Sort.png">
      <Filter>Images</Filter>
    </Image>
    <Image Include="Images\Code - Amdahls Law.png">
      <Filter>Images</Filter>
    </Image>
    <Image Include="Images\Code - BigONotationGraph.png">
      <Filter>Images</Filter>
    </Image>
    <Image Include="Images\Code - Boxing.gif">
      <Filter>Images</Filter>
    </Image>
    <Image Include="Images\Code - C# Operator Precedence.png">
      <Filter>Images</Filter>
    </Image>
    <Image Include="Images\Code - C++ Operator Precedence.png">
      <Filter>Images</Filter>
    </Image>
    <Image Include="Images\Code - Database Normalization.png">
      <Filter>Images</Filter>
    </Image>
    <Image Include="Images\Code - Design Patterns.png">
      <Filter>Images</Filter>
    </Image>
    <Image Include="Images\Code - Entity Relationship Diagram.png">
      <Filter>Images</Filter>
    </Image>
    <Image Include="Images\Code - Execution Environment.png">
      <Filter>Images</Filter>
    </Image>
    <Image Include="Images\Code - Hex Converting.png">
      <Filter>Images</Filter>
    </Image>
    <Image Include="Images\Code - HTML Element.png">
      <Filter>Images</Filter>
    </Image>
    <Image Include="Images\Code - Iterators.png">
      <Filter>Images</Filter>
    </Image>
    <Image Include="Images\Code - STL container performance.PNG">
      <Filter>Images</Filter>
    </Image>
    <Image Include="Images\Code - Trees Partitioning.png">
      <Filter>Images</Filter>
    </Image>
    <Image Include="Images\Code - Trees.png">
      <Filter>Images</Filter>
    </Image>
    <Image Include="Images\Code - Trie.png">
      <Filter>Images</Filter>
    </Image>
    <Image Include="Images\Code - UML Diagrams.png">
      <Filter>Images</Filter>
    </Image>
    <Image Include="Images\Code - Web server.png">
      <Filter>Images</Filter>
    </Image>
    <Image Include="Images\Code - Static and dynamic websites.png">
      <Filter>Images</Filter>
    </Image>
  </ItemGroup>
  <ItemGroup>
    <Text Include="Questions.txt" />
  </ItemGroup>
</Project>