<?xml version="1.0" encoding="utf-8"?>
<Project ToolsVersion="4.0" xmlns="http://schemas.microsoft.com/developer/msbuild/2003">
  <ItemGroup>
    <Filter Include="Languages">
      <UniqueIdentifier>{89a625b0-f51a-450f-b16f-c2724f0b99a1}</UniqueIdentifier>
    </Filter>
    <Filter Include="Development">
      <UniqueIdentifier>{97902568-2e3d-4035-9b93-2b2d577eb5cf}</UniqueIdentifier>
    </Filter>
    <Filter Include="Images">
      <UniqueIdentifier>{d5246f57-2735-4357-a353-33eb12eb8d89}</UniqueIdentifier>
    </Filter>
    <Filter Include="Examples">
      <UniqueIdentifier>{3fc63a6a-8dd1-4823-b8af-1607ad736d4e}</UniqueIdentifier>
    </Filter>
    <Filter Include="Code">
      <UniqueIdentifier>{068b9dfb-1996-436b-875b-3f0b8de9ad44}</UniqueIdentifier>
    </Filter>
  </ItemGroup>
  <ItemGroup>
    <ClCompile Include="Languages\C++CLI.cpp">
      <Filter>Languages</Filter>
    </ClCompile>
    <ClCompile Include="Languages\Maxscript forms.cpp">
      <Filter>Languages</Filter>
    </ClCompile>
    <ClCompile Include="Languages\Maxscript objects.cpp">
      <Filter>Languages</Filter>
    </ClCompile>
    <ClCompile Include="Languages\Maxscript.cpp">
      <Filter>Languages</Filter>
    </ClCompile>
    <ClCompile Include="Languages\Maya API.cpp">
      <Filter>Languages</Filter>
    </ClCompile>
    <ClCompile Include="Languages\MEL algorithms.cpp">
      <Filter>Languages</Filter>
    </ClCompile>
    <ClCompile Include="Languages\MEL forms.cpp">
      <Filter>Languages</Filter>
    </ClCompile>
    <ClCompile Include="Languages\MEL objects.cpp">
      <Filter>Languages</Filter>
    </ClCompile>
    <ClCompile Include="Languages\MEL.cpp">
      <Filter>Languages</Filter>
    </ClCompile>
    <ClCompile Include="Languages\Python containers.cpp">
      <Filter>Languages</Filter>
    </ClCompile>
    <ClCompile Include="Languages\Python for Maya.cpp">
      <Filter>Languages</Filter>
    </ClCompile>
    <ClCompile Include="Languages\Python modules.cpp">
      <Filter>Languages</Filter>
    </ClCompile>
    <ClCompile Include="Languages\Python.cpp">
      <Filter>Languages</Filter>
    </ClCompile>
    <ClCompile Include="Examples\Example - Maya API Command.cpp">
      <Filter>Examples</Filter>
    </ClCompile>
    <ClCompile Include="Examples\Example - Maya API Locator.cpp">
      <Filter>Examples</Filter>
    </ClCompile>
    <ClCompile Include="Examples\Example - Maya API Node.cpp">
      <Filter>Examples</Filter>
    </ClCompile>
    <ClCompile Include="Examples\Example - MEL Special Shatter.cpp">
      <Filter>Examples</Filter>
    </ClCompile>
    <ClCompile Include="Development\Design Patterns.cpp">
      <Filter>Development</Filter>
    </ClCompile>
    <ClCompile Include="Development\Shaders.cpp">
      <Filter>Development</Filter>
    </ClCompile>
    <ClCompile Include="Development\Web Development.cpp">
      <Filter>Development</Filter>
    </ClCompile>
    <ClCompile Include="Code\Boost.cpp">
      <Filter>Code</Filter>
    </ClCompile>
    <ClCompile Include="Code\Class.cpp">
      <Filter>Code</Filter>
    </ClCompile>
    <ClCompile Include="Code\Code.cpp">
      <Filter>Code</Filter>
    </ClCompile>
    <ClCompile Include="Code\Memory.cpp">
      <Filter>Code</Filter>
    </ClCompile>
    <ClCompile Include="Code\STL Containers.cpp">
      <Filter>Code</Filter>
    </ClCompile>
    <ClCompile Include="Code\STL.cpp">
      <Filter>Code</Filter>
    </ClCompile>
    <ClCompile Include="Code\Templates.cpp">
      <Filter>Code</Filter>
    </ClCompile>
    <ClCompile Include="Development\Render Engines.cpp">
      <Filter>Development</Filter>
    </ClCompile>
    <ClCompile Include="Code\STL Algorithms.cpp">
      <Filter>Code</Filter>
    </ClCompile>
    <ClCompile Include="Development\Concurrency.cpp">
      <Filter>Development</Filter>
    </ClCompile>
  </ItemGroup>
  <ItemGroup>
    <None Include="..\.gitignore" />
    <None Include="Languages\C# .NET Framework.cs">
      <Filter>Languages</Filter>
    </None>
    <None Include="Languages\C# Class.cs">
      <Filter>Languages</Filter>
    </None>
    <None Include="Languages\C# Code.cs">
      <Filter>Languages</Filter>
    </None>
    <None Include="Languages\C# Containers.cs">
      <Filter>Languages</Filter>
    </None>
    <None Include="Languages\C# Unity.cs">
      <Filter>Languages</Filter>
    </None>
    <None Include="Examples\Example - Maxscript Convex Hull.ms">
      <Filter>Examples</Filter>
    </None>
    <None Include="Examples\Example - PyQt Creating Window in Designer.py">
      <Filter>Examples</Filter>
    </None>
    <None Include="Examples\Example - PyQt Creating Window In Maya.py">
      <Filter>Examples</Filter>
    </None>
    <None Include="Examples\Example - PyQt File Reader.pyw">
      <Filter>Examples</Filter>
    </None>
    <None Include="Development\Databases.sql">
      <Filter>Development</Filter>
    </None>
    <None Include="Images\Graphics - Rendering Pipeline Diagram.psd">
      <Filter>Images</Filter>
    </None>
  </ItemGroup>
  <ItemGroup>
    <Text Include="Languages\C# Notes.txt">
      <Filter>Languages</Filter>
    </Text>
    <Text Include="Development\Collisions.txt">
      <Filter>Development</Filter>
    </Text>
    <Text Include="Development\Maths.txt">
      <Filter>Development</Filter>
    </Text>
    <Text Include="Development\Mental Ray.txt">
      <Filter>Development</Filter>
    </Text>
    <Text Include="Development\Physics.txt">
      <Filter>Development</Filter>
    </Text>
    <Text Include="Development\Programming Notes.txt">
      <Filter>Development</Filter>
    </Text>
    <Text Include="Development\Rendering.txt">
      <Filter>Development</Filter>
    </Text>
    <Text Include="Development\Simulation.txt">
      <Filter>Development</Filter>
    </Text>
    <Text Include="Development\Software Development.txt">
      <Filter>Development</Filter>
    </Text>
    <Text Include="Code\Code Notes.txt">
      <Filter>Code</Filter>
    </Text>
    <Text Include="Cheatsheet.txt" />
    <Text Include="Hotkeys.txt" />
    <Text Include="Interview Questions.txt" />
    <Text Include="Development\Algorithms Notes.txt">
      <Filter>Development</Filter>
    </Text>
    <Text Include="Development\Algorithms.cpp">
      <Filter>Development</Filter>
    </Text>
  </ItemGroup>
  <ItemGroup>
    <Image Include="Images\Code - Agile Lifecycle.png">
      <Filter>Images</Filter>
    </Image>
    <Image Include="Images\Code - Algorithms Sort Performance.png">
      <Filter>Images</Filter>
    </Image>
    <Image Include="Images\Code - Algorithms Sort.png">
      <Filter>Images</Filter>
    </Image>
    <Image Include="Images\Code - Amdahls Law.png">
      <Filter>Images</Filter>
    </Image>
    <Image Include="Images\Code - BigO Data Structures.png">
      <Filter>Images</Filter>
    </Image>
    <Image Include="Images\Code - BigO Graph Operations.png">
      <Filter>Images</Filter>
    </Image>
    <Image Include="Images\Code - BigO Heap Operations.png">
      <Filter>Images</Filter>
    </Image>
    <Image Include="Images\Code - BigO Notation Graph.png">
      <Filter>Images</Filter>
    </Image>
    <Image Include="Images\Code - BigO Sorting.png">
      <Filter>Images</Filter>
    </Image>
    <Image Include="Images\Code - Binary Search.png">
      <Filter>Images</Filter>
    </Image>
    <Image Include="Images\Code - Boxing.png">
      <Filter>Images</Filter>
    </Image>
    <Image Include="Images\Code - C# Operator Precedence.png">
      <Filter>Images</Filter>
    </Image>
    <Image Include="Images\Code - C++ Operator Precedence.png">
      <Filter>Images</Filter>
    </Image>
    <Image Include="Images\Code - Database Normalization.png">
      <Filter>Images</Filter>
    </Image>
    <Image Include="Images\Code - Debug Memory Allocation.png">
      <Filter>Images</Filter>
    </Image>
    <Image Include="Images\Code - Design Patterns.png">
      <Filter>Images</Filter>
    </Image>
    <Image Include="Images\Code - dotNET pipeline.png">
      <Filter>Images</Filter>
    </Image>
    <Image Include="Images\Code - Entity Relationship Diagram.png">
      <Filter>Images</Filter>
    </Image>
    <Image Include="Images\Code - Execution Environment.png">
      <Filter>Images</Filter>
    </Image>
    <Image Include="Images\Code - Heap Operations.png">
      <Filter>Images</Filter>
    </Image>
    <Image Include="Images\Code - Hex Converting.png">
      <Filter>Images</Filter>
    </Image>
    <Image Include="Images\Code - HTML Element.png">
      <Filter>Images</Filter>
    </Image>
    <Image Include="Images\Code - Iterators.png">
      <Filter>Images</Filter>
    </Image>
    <Image Include="Images\Code - Networking.png">
      <Filter>Images</Filter>
    </Image>
    <Image Include="Images\Code - Static and dynamic websites.png">
      <Filter>Images</Filter>
    </Image>
    <Image Include="Images\Code - STL container performance.PNG">
      <Filter>Images</Filter>
    </Image>
    <Image Include="Images\Code - Tree Traversal.png">
      <Filter>Images</Filter>
    </Image>
    <Image Include="Images\Code - Trees Partitioning.png">
      <Filter>Images</Filter>
    </Image>
    <Image Include="Images\Code - Trees.png">
      <Filter>Images</Filter>
    </Image>
    <Image Include="Images\Code - Trie.png">
      <Filter>Images</Filter>
    </Image>
    <Image Include="Images\Code - UML Diagrams.png">
      <Filter>Images</Filter>
    </Image>
    <Image Include="Images\Code - Web server.png">
      <Filter>Images</Filter>
    </Image>
    <Image Include="Images\Graphics - 3 Point Lighting.png">
      <Filter>Images</Filter>
    </Image>
    <Image Include="Images\Graphics - Backface Culling.png">
      <Filter>Images</Filter>
    </Image>
    <Image Include="Images\Graphics - Binary Search Tree Insertion.png">
      <Filter>Images</Filter>
    </Image>
    <Image Include="Images\Graphics - Bottleneck chart.png">
      <Filter>Images</Filter>
    </Image>
    <Image Include="Images\Graphics - Bump Mapping Normals.png">
      <Filter>Images</Filter>
    </Image>
    <Image Include="Images\Graphics - Colors.png">
      <Filter>Images</Filter>
    </Image>
    <Image Include="Images\Graphics - Colour Blending.PNG">
      <Filter>Images</Filter>
    </Image>
    <Image Include="Images\Graphics - Conductors vs Dielectrics.png">
      <Filter>Images</Filter>
    </Image>
    <Image Include="Images\Graphics - Deferred Rendering.png">
      <Filter>Images</Filter>
    </Image>
    <Image Include="Images\Graphics - Depth Buffer Testing.png">
      <Filter>Images</Filter>
    </Image>
    <Image Include="Images\Graphics - DirectX Surfaces.png">
      <Filter>Images</Filter>
    </Image>
    <Image Include="Images\Graphics - Incremental Convex Hull Algorithm.png">
      <Filter>Images</Filter>
    </Image>
    <Image Include="Images\Graphics - Indirect Lighting.png">
      <Filter>Images</Filter>
    </Image>
    <Image Include="Images\Graphics - Inverse Square Light Falloff.png">
      <Filter>Images</Filter>
    </Image>
    <Image Include="Images\Graphics - Material Types.png">
      <Filter>Images</Filter>
    </Image>
    <Image Include="Images\Graphics - Occulsion Culling.png">
      <Filter>Images</Filter>
    </Image>
    <Image Include="Images\Graphics - PerVertex and PerPixel lighting.png">
      <Filter>Images</Filter>
    </Image>
    <Image Include="Images\Graphics - Portals.png">
      <Filter>Images</Filter>
    </Image>
    <Image Include="Images\Graphics - Primitives.png">
      <Filter>Images</Filter>
    </Image>
    <Image Include="Images\Graphics - Projection Matrix.PNG">
      <Filter>Images</Filter>
    </Image>
    <Image Include="Images\Graphics - RayTracing.png">
      <Filter>Images</Filter>
    </Image>
    <Image Include="Images\Graphics - Reflection Selective.png">
      <Filter>Images</Filter>
    </Image>
    <Image Include="Images\Graphics - Reflection.png">
      <Filter>Images</Filter>
    </Image>
    <Image Include="Images\Graphics - Rendering Pipeline Diagram.png">
      <Filter>Images</Filter>
    </Image>
    <Image Include="Images\Graphics - Rendering Pipeline.png">
      <Filter>Images</Filter>
    </Image>
    <Image Include="Images\Graphics - Sampling.png">
      <Filter>Images</Filter>
    </Image>
    <Image Include="Images\Graphics - Shadow Volume Stencil Testing.png">
      <Filter>Images</Filter>
    </Image>
    <Image Include="Images\Graphics - Skybox.png">
      <Filter>Images</Filter>
    </Image>
    <Image Include="Images\Graphics - Specular Shader.png">
      <Filter>Images</Filter>
    </Image>
    <Image Include="Images\Graphics - Spot Light.png">
      <Filter>Images</Filter>
    </Image>
    <Image Include="Images\Graphics - Subsurface Scattering.png">
      <Filter>Images</Filter>
    </Image>
    <Image Include="Images\Graphics - Terrain Clipmapping.png">
      <Filter>Images</Filter>
    </Image>
    <Image Include="Images\Graphics - Texture Filter types.png">
      <Filter>Images</Filter>
    </Image>
    <Image Include="Images\Graphics - Texture Mapping.png">
      <Filter>Images</Filter>
    </Image>
    <Image Include="Images\Graphics - Texture Wrapping.png">
      <Filter>Images</Filter>
    </Image>
    <Image Include="Images\Graphics - Transmission Selective.png">
      <Filter>Images</Filter>
    </Image>
    <Image Include="Images\Graphics - Transmission.png">
      <Filter>Images</Filter>
    </Image>
    <Image Include="Images\Graphics - View Frustum.png">
      <Filter>Images</Filter>
    </Image>
    <Image Include="Images\MathsPhysics - Barycentric coordinates.png">
      <Filter>Images</Filter>
    </Image>
    <Image Include="Images\MathsPhysics - Changing frame of reference.png">
      <Filter>Images</Filter>
    </Image>
    <Image Include="Images\MathsPhysics - Collision Box Algorithms.png">
      <Filter>Images</Filter>
    </Image>
    <Image Include="Images\MathsPhysics - Collision Sphere Algorithms.png">
      <Filter>Images</Filter>
    </Image>
    <Image Include="Images\MathsPhysics - constraints.png">
      <Filter>Images</Filter>
    </Image>
    <Image Include="Images\MathsPhysics - GJK Collision Detection.png">
      <Filter>Images</Filter>
    </Image>
    <Image Include="Images\MathsPhysics - Graph ex.png">
      <Filter>Images</Filter>
    </Image>
    <Image Include="Images\MathsPhysics - Graph lnx.png">
      <Filter>Images</Filter>
    </Image>
    <Image Include="Images\MathsPhysics - Graph Negative.png">
      <Filter>Images</Filter>
    </Image>
    <Image Include="Images\MathsPhysics - Graph Positive.png">
      <Filter>Images</Filter>
    </Image>
    <Image Include="Images\MathsPhysics - Graph x.png">
      <Filter>Images</Filter>
    </Image>
    <Image Include="Images\MathsPhysics - Graph x-1.png">
      <Filter>Images</Filter>
    </Image>
    <Image Include="Images\MathsPhysics - Graph x2.png">
      <Filter>Images</Filter>
    </Image>
    <Image Include="Images\MathsPhysics - Integration.png">
      <Filter>Images</Filter>
    </Image>
    <Image Include="Images\MathsPhysics - kinematics.png">
      <Filter>Images</Filter>
    </Image>
    <Image Include="Images\MathsPhysics - plane equation.png">
      <Filter>Images</Filter>
    </Image>
    <Image Include="Images\MathsPhysics - polar coordinates.png">
      <Filter>Images</Filter>
    </Image>
    <Image Include="Images\MathsPhysics - Rotation around arbitrary axis.png">
      <Filter>Images</Filter>
    </Image>
    <Image Include="Images\MathsPhysics - Trigonometry.png">
      <Filter>Images</Filter>
    </Image>
  </ItemGroup>
  <ItemGroup>
    <Media Include="Images\Code - Binary Search Trees.mp4">
      <Filter>Images</Filter>
    </Media>
    <Media Include="Images\Code - Quick Sort.mp4">
      <Filter>Images</Filter>
    </Media>
    <Media Include="Images\Code - Traveling Salesman Problem.mp4">
      <Filter>Images</Filter>
    </Media>
    <Media Include="Images\Graphics - 3 Point Lighting.mp4">
      <Filter>Images</Filter>
    </Media>
    <Media Include="Images\Graphics - Histogram.mp4">
      <Filter>Images</Filter>
    </Media>
  </ItemGroup>
</Project>